// !$*UTF8*$!
{
	archiveVersion = 1;
	classes = {
	};
	objectVersion = 46;
	objects = {

/* Begin PBXBuildFile section */
		0FC8FE7A175D904300F04FAB /* UIKit.framework in Frameworks */ = {isa = PBXBuildFile; fileRef = 0FC8FE79175D904300F04FAB /* UIKit.framework */; };
		0FC8FE7C175D904300F04FAB /* Foundation.framework in Frameworks */ = {isa = PBXBuildFile; fileRef = 0FC8FE7B175D904300F04FAB /* Foundation.framework */; };
		0FC8FE7E175D904300F04FAB /* CoreGraphics.framework in Frameworks */ = {isa = PBXBuildFile; fileRef = 0FC8FE7D175D904300F04FAB /* CoreGraphics.framework */; };
		0FC8FE84175D904300F04FAB /* InfoPlist.strings in Resources */ = {isa = PBXBuildFile; fileRef = 0FC8FE82175D904300F04FAB /* InfoPlist.strings */; };
		0FC8FE86175D904300F04FAB /* main.m in Sources */ = {isa = PBXBuildFile; fileRef = 0FC8FE85175D904300F04FAB /* main.m */; };
		0FC8FE8A175D904300F04FAB /* AppDelegate.m in Sources */ = {isa = PBXBuildFile; fileRef = 0FC8FE89175D904300F04FAB /* AppDelegate.m */; };
		0FC8FE8C175D904300F04FAB /* Default.png in Resources */ = {isa = PBXBuildFile; fileRef = 0FC8FE8B175D904300F04FAB /* Default.png */; };
		0FC8FE8E175D904300F04FAB /* Default@2x.png in Resources */ = {isa = PBXBuildFile; fileRef = 0FC8FE8D175D904300F04FAB /* Default@2x.png */; };
		0FC8FE90175D904300F04FAB /* Default-568h@2x.png in Resources */ = {isa = PBXBuildFile; fileRef = 0FC8FE8F175D904300F04FAB /* Default-568h@2x.png */; };
		0FC8FE93175D904300F04FAB /* ViewController.m in Sources */ = {isa = PBXBuildFile; fileRef = 0FC8FE92175D904300F04FAB /* ViewController.m */; };
		0FC8FE96175D904300F04FAB /* ViewController.xib in Resources */ = {isa = PBXBuildFile; fileRef = 0FC8FE94175D904300F04FAB /* ViewController.xib */; };
/* End PBXBuildFile section */

/* Begin PBXFileReference section */
		0FC8FE75175D904300F04FAB /* TBXMLDemo.app */ = {isa = PBXFileReference; explicitFileType = wrapper.application; includeInIndex = 0; path = TBXMLDemo.app; sourceTree = BUILT_PRODUCTS_DIR; };
		0FC8FE79175D904300F04FAB /* UIKit.framework */ = {isa = PBXFileReference; lastKnownFileType = wrapper.framework; name = UIKit.framework; path = System/Library/Frameworks/UIKit.framework; sourceTree = SDKROOT; };
		0FC8FE7B175D904300F04FAB /* Foundation.framework */ = {isa = PBXFileReference; lastKnownFileType = wrapper.framework; name = Foundation.framework; path = System/Library/Frameworks/Foundation.framework; sourceTree = SDKROOT; };
		0FC8FE7D175D904300F04FAB /* CoreGraphics.framework */ = {isa = PBXFileReference; lastKnownFileType = wrapper.framework; name = CoreGraphics.framework; path = System/Library/Frameworks/CoreGraphics.framework; sourceTree = SDKROOT; };
		0FC8FE81175D904300F04FAB /* TBXMLDemo-Info.plist */ = {isa = PBXFileReference; lastKnownFileType = text.plist.xml; path = "TBXMLDemo-Info.plist"; sourceTree = "<group>"; };
		0FC8FE83175D904300F04FAB /* en */ = {isa = PBXFileReference; lastKnownFileType = text.plist.strings; name = en; path = en.lproj/InfoPlist.strings; sourceTree = "<group>"; };
		0FC8FE85175D904300F04FAB /* main.m */ = {isa = PBXFileReference; lastKnownFileType = sourcecode.c.objc; path = main.m; sourceTree = "<group>"; };
		0FC8FE87175D904300F04FAB /* TBXMLDemo-Prefix.pch */ = {isa = PBXFileReference; lastKnownFileType = sourcecode.c.h; path = "TBXMLDemo-Prefix.pch"; sourceTree = "<group>"; };
		0FC8FE88175D904300F04FAB /* AppDelegate.h */ = {isa = PBXFileReference; lastKnownFileType = sourcecode.c.h; path = AppDelegate.h; sourceTree = "<group>"; };
		0FC8FE89175D904300F04FAB /* AppDelegate.m */ = {isa = PBXFileReference; lastKnownFileType = sourcecode.c.objc; path = AppDelegate.m; sourceTree = "<group>"; };
		0FC8FE8B175D904300F04FAB /* Default.png */ = {isa = PBXFileReference; lastKnownFileType = image.png; path = Default.png; sourceTree = "<group>"; };
		0FC8FE8D175D904300F04FAB /* Default@2x.png */ = {isa = PBXFileReference; lastKnownFileType = image.png; path = "Default@2x.png"; sourceTree = "<group>"; };
		0FC8FE8F175D904300F04FAB /* Default-568h@2x.png */ = {isa = PBXFileReference; lastKnownFileType = image.png; path = "Default-568h@2x.png"; sourceTree = "<group>"; };
		0FC8FE91175D904300F04FAB /* ViewController.h */ = {isa = PBXFileReference; lastKnownFileType = sourcecode.c.h; path = ViewController.h; sourceTree = "<group>"; };
		0FC8FE92175D904300F04FAB /* ViewController.m */ = {isa = PBXFileReference; lastKnownFileType = sourcecode.c.objc; path = ViewController.m; sourceTree = "<group>"; };
		0FC8FE95175D904300F04FAB /* en */ = {isa = PBXFileReference; lastKnownFileType = file.xib; name = en; path = en.lproj/ViewController.xib; sourceTree = "<group>"; };
/* End PBXFileReference section */

/* Begin PBXFrameworksBuildPhase section */
		0FC8FE72175D904300F04FAB /* Frameworks */ = {
			isa = PBXFrameworksBuildPhase;
			buildActionMask = 2147483647;
			files = (
				0FC8FE7A175D904300F04FAB /* UIKit.framework in Frameworks */,
				0FC8FE7C175D904300F04FAB /* Foundation.framework in Frameworks */,
				0FC8FE7E175D904300F04FAB /* CoreGraphics.framework in Frameworks */,
			);
			runOnlyForDeploymentPostprocessing = 0;
		};
/* End PBXFrameworksBuildPhase section */

/* Begin PBXGroup section */
		0FC8FE6A175D904300F04FAB = {
			isa = PBXGroup;
			children = (
				0FC8FE7F175D904300F04FAB /* TBXMLDemo */,
				0FC8FE78175D904300F04FAB /* Frameworks */,
				0FC8FE76175D904300F04FAB /* Products */,
			);
			sourceTree = "<group>";
		};
		0FC8FE76175D904300F04FAB /* Products */ = {
			isa = PBXGroup;
			children = (
				0FC8FE75175D904300F04FAB /* TBXMLDemo.app */,
			);
			name = Products;
			sourceTree = "<group>";
		};
		0FC8FE78175D904300F04FAB /* Frameworks */ = {
			isa = PBXGroup;
			children = (
				0FC8FE79175D904300F04FAB /* UIKit.framework */,
				0FC8FE7B175D904300F04FAB /* Foundation.framework */,
				0FC8FE7D175D904300F04FAB /* CoreGraphics.framework */,
			);
			name = Frameworks;
			sourceTree = "<group>";
		};
		0FC8FE7F175D904300F04FAB /* TBXMLDemo */ = {
			isa = PBXGroup;
			children = (
				0FC8FE88175D904300F04FAB /* AppDelegate.h */,
				0FC8FE89175D904300F04FAB /* AppDelegate.m */,
				0FC8FE91175D904300F04FAB /* ViewController.h */,
				0FC8FE92175D904300F04FAB /* ViewController.m */,
				0FC8FE94175D904300F04FAB /* ViewController.xib */,
				0FC8FE80175D904300F04FAB /* Supporting Files */,
			);
			path = TBXMLDemo;
			sourceTree = "<group>";
		};
		0FC8FE80175D904300F04FAB /* Supporting Files */ = {
			isa = PBXGroup;
			children = (
				0FC8FE81175D904300F04FAB /* TBXMLDemo-Info.plist */,
				0FC8FE82175D904300F04FAB /* InfoPlist.strings */,
				0FC8FE85175D904300F04FAB /* main.m */,
				0FC8FE87175D904300F04FAB /* TBXMLDemo-Prefix.pch */,
				0FC8FE8B175D904300F04FAB /* Default.png */,
				0FC8FE8D175D904300F04FAB /* Default@2x.png */,
				0FC8FE8F175D904300F04FAB /* Default-568h@2x.png */,
			);
			name = "Supporting Files";
			sourceTree = "<group>";
		};
/* End PBXGroup section */

/* Begin PBXNativeTarget section */
		0FC8FE74175D904300F04FAB /* TBXMLDemo */ = {
			isa = PBXNativeTarget;
			buildConfigurationList = 0FC8FE99175D904300F04FAB /* Build configuration list for PBXNativeTarget "TBXMLDemo" */;
			buildPhases = (
				0FC8FE71175D904300F04FAB /* Sources */,
				0FC8FE72175D904300F04FAB /* Frameworks */,
				0FC8FE73175D904300F04FAB /* Resources */,
			);
			buildRules = (
			);
			dependencies = (
			);
			name = TBXMLDemo;
			productName = TBXMLDemo;
			productReference = 0FC8FE75175D904300F04FAB /* TBXMLDemo.app */;
			productType = "com.apple.product-type.application";
		};
/* End PBXNativeTarget section */

/* Begin PBXProject section */
		0FC8FE6C175D904300F04FAB /* Project object */ = {
			isa = PBXProject;
			attributes = {
				LastUpgradeCheck = 0450;
				ORGANIZATIONNAME = liangshu.zheng;
			};
			buildConfigurationList = 0FC8FE6F175D904300F04FAB /* Build configuration list for PBXProject "TBXMLDemo" */;
			compatibilityVersion = "Xcode 3.2";
			developmentRegion = English;
			hasScannedForEncodings = 0;
			knownRegions = (
				en,
			);
			mainGroup = 0FC8FE6A175D904300F04FAB;
			productRefGroup = 0FC8FE76175D904300F04FAB /* Products */;
			projectDirPath = "";
			projectRoot = "";
			targets = (
				0FC8FE74175D904300F04FAB /* TBXMLDemo */,
			);
		};
/* End PBXProject section */

/* Begin PBXResourcesBuildPhase section */
		0FC8FE73175D904300F04FAB /* Resources */ = {
			isa = PBXResourcesBuildPhase;
			buildActionMask = 2147483647;
			files = (
				0FC8FE84175D904300F04FAB /* InfoPlist.strings in Resources */,
				0FC8FE8C175D904300F04FAB /* Default.png in Resources */,
				0FC8FE8E175D904300F04FAB /* Default@2x.png in Resources */,
				0FC8FE90175D904300F04FAB /* Default-568h@2x.png in Resources */,
				0FC8FE96175D904300F04FAB /* ViewController.xib in Resources */,
			);
			runOnlyForDeploymentPostprocessing = 0;
		};
/* End PBXResourcesBuildPhase section */

/* Begin PBXSourcesBuildPhase section */
		0FC8FE71175D904300F04FAB /* Sources */ = {
			isa = PBXSourcesBuildPhase;
			buildActionMask = 2147483647;
			files = (
				0FC8FE86175D904300F04FAB /* main.m in Sources */,
				0FC8FE8A175D904300F04FAB /* AppDelegate.m in Sources */,
				0FC8FE93175D904300F04FAB /* ViewController.m in Sources */,
			);
			runOnlyForDeploymentPostprocessing = 0;
		};
/* End PBXSourcesBuildPhase section */

/* Begin PBXVariantGroup section */
		0FC8FE82175D904300F04FAB /* InfoPlist.strings */ = {
			isa = PBXVariantGroup;
			children = (
				0FC8FE83175D904300F04FAB /* en */,
			);
			name = InfoPlist.strings;
			sourceTree = "<group>";
		};
		0FC8FE94175D904300F04FAB /* ViewController.xib */ = {
			isa = PBXVariantGroup;
			children = (
				0FC8FE95175D904300F04FAB /* en */,
			);
			name = ViewController.xib;
			sourceTree = "<group>";
		};
/* End PBXVariantGroup section */

/* Begin XCBuildConfiguration section */
		0FC8FE97175D904300F04FAB /* Debug */ = {
			isa = XCBuildConfiguration;
			buildSettings = {
				ALWAYS_SEARCH_USER_PATHS = NO;
				CLANG_CXX_LANGUAGE_STANDARD = "gnu++0x";
				CLANG_CXX_LIBRARY = "libc++";
				CLANG_WARN_EMPTY_BODY = YES;
				CLANG_WARN__DUPLICATE_METHOD_MATCH = YES;
				"CODE_SIGN_IDENTITY[sdk=iphoneos*]" = "iPhone Developer";
				COPY_PHASE_STRIP = NO;
				GCC_C_LANGUAGE_STANDARD = gnu99;
				GCC_DYNAMIC_NO_PIC = NO;
				GCC_OPTIMIZATION_LEVEL = 0;
				GCC_PREPROCESSOR_DEFINITIONS = (
					"DEBUG=1",
					"$(inherited)",
				);
				GCC_SYMBOLS_PRIVATE_EXTERN = NO;
				GCC_WARN_ABOUT_RETURN_TYPE = YES;
				GCC_WARN_UNINITIALIZED_AUTOS = YES;
				GCC_WARN_UNUSED_VARIABLE = YES;
				IPHONEOS_DEPLOYMENT_TARGET = 6.0;
				ONLY_ACTIVE_ARCH = YES;
				SDKROOT = iphoneos;
			};
			name = Debug;
		};
		0FC8FE98175D904300F04FAB /* Release */ = {
			isa = XCBuildConfiguration;
			buildSettings = {
				ALWAYS_SEARCH_USER_PATHS = NO;
				CLANG_CXX_LANGUAGE_STANDARD = "gnu++0x";
				CLANG_CXX_LIBRARY = "libc++";
				CLANG_WARN_EMPTY_BODY = YES;
				CLANG_WARN__DUPLICATE_METHOD_MATCH = YES;
				"CODE_SIGN_IDENTITY[sdk=iphoneos*]" = "iPhone Developer";
				COPY_PHASE_STRIP = YES;
				GCC_C_LANGUAGE_STANDARD = gnu99;
				GCC_WARN_ABOUT_RETURN_TYPE = YES;
				GCC_WARN_UNINITIALIZED_AUTOS = YES;
				GCC_WARN_UNUSED_VARIABLE = YES;
				IPHONEOS_DEPLOYMENT_TARGET = 6.0;
				OTHER_CFLAGS = "-DNS_BLOCK_ASSERTIONS=1";
				SDKROOT = iphoneos;
				VALIDATE_PRODUCT = YES;
			};
			name = Release;
		};
		0FC8FE9A175D904300F04FAB /* Debug */ = {
			isa = XCBuildConfiguration;
			buildSettings = {
				GCC_PRECOMPILE_PREFIX_HEADER = YES;
				GCC_PREFIX_HEADER = "TBXMLDemo/TBXMLDemo-Prefix.pch";
				INFOPLIST_FILE = "TBXMLDemo/TBXMLDemo-Info.plist";
				PRODUCT_NAME = "$(TARGET_NAME)";
				WRAPPER_EXTENSION = app;
			};
			name = Debug;
		};
		0FC8FE9B175D904300F04FAB /* Release */ = {
			isa = XCBuildConfiguration;
			buildSettings = {
				GCC_PRECOMPILE_PREFIX_HEADER = YES;
				GCC_PREFIX_HEADER = "TBXMLDemo/TBXMLDemo-Prefix.pch";
				INFOPLIST_FILE = "TBXMLDemo/TBXMLDemo-Info.plist";
				PRODUCT_NAME = "$(TARGET_NAME)";
				WRAPPER_EXTENSION = app;
			};
			name = Release;
		};
/* End XCBuildConfiguration section */

/* Begin XCConfigurationList section */
		0FC8FE6F175D904300F04FAB /* Build configuration list for PBXProject "TBXMLDemo" */ = {
			isa = XCConfigurationList;
			buildConfigurations = (
				0FC8FE97175D904300F04FAB /* Debug */,
				0FC8FE98175D904300F04FAB /* Release */,
			);
			defaultConfigurationIsVisible = 0;
			defaultConfigurationName = Release;
		};
		0FC8FE99175D904300F04FAB /* Build configuration list for PBXNativeTarget "TBXMLDemo" */ = {
			isa = XCConfigurationList;
			buildConfigurations = (
				0FC8FE9A175D904300F04FAB /* Debug */,
				0FC8FE9B175D904300F04FAB /* Release */,
			);
			defaultConfigurationIsVisible = 0;
		};
/* End XCConfigurationList section */
	};
	rootObject = 0FC8FE6C175D904300F04FAB /* Project object */;
}
